
Microsoft Visual Studio Solution File, Format Version 12.00
# Visual Studio Version 16
VisualStudioVersion = 16.0.30011.22
MinimumVisualStudioVersion = 10.0.40219.1
Project("{FAE04EC0-301F-11D3-BF4B-00C04F79EFBC}") = "Hw4-27EFImageProject.web", "Hw4-27EFImageProject.web\Hw4-27EFImageProject.web.csproj", "{6E78EE07-FE47-4022-813A-BE9AB71E8648}"
EndProject
Project("{FAE04EC0-301F-11D3-BF4B-00C04F79EFBC}") = "Hw4-27EFImageProject.Data", "Hw4-27EFImageProject.Data\Hw4-27EFImageProject.Data.csproj", "{0085AB20-171D-439C-9C9A-476B10CD9469}"
EndProject
Global
	GlobalSection(SolutionConfigurationPlatforms) = preSolution
		Debug|Any CPU = Debug|Any CPU
		Release|Any CPU = Release|Any CPU
	EndGlobalSection
	GlobalSection(ProjectConfigurationPlatforms) = postSolution
		{6E78EE07-FE47-4022-813A-BE9AB71E8648}.Debug|Any CPU.ActiveCfg = Debug|Any CPU
		{6E78EE07-FE47-4022-813A-BE9AB71E8648}.Debug|Any CPU.Build.0 = Debug|Any CPU
		{6E78EE07-FE47-4022-813A-BE9AB71E8648}.Release|Any CPU.ActiveCfg = Release|Any CPU
		{6E78EE07-FE47-4022-813A-BE9AB71E8648}.Release|Any CPU.Build.0 = Release|Any CPU
		{0085AB20-171D-439C-9C9A-476B10CD9469}.Debug|Any CPU.ActiveCfg = Debug|Any CPU
		{0085AB20-171D-439C-9C9A-476B10CD9469}.Debug|Any CPU.Build.0 = Debug|Any CPU
		{0085AB20-171D-439C-9C9A-476B10CD9469}.Release|Any CPU.ActiveCfg = Release|Any CPU
		{0085AB20-171D-439C-9C9A-476B10CD9469}.Release|Any CPU.Build.0 = Release|Any CPU
	EndGlobalSection
	GlobalSection(SolutionProperties) = preSolution
		HideSolutionNode = FALSE
	EndGlobalSection
	GlobalSection(ExtensibilityGlobals) = postSolution
		SolutionGuid = {59466D59-5A00-4000-B264-9C7C3BD77D52}
	EndGlobalSection
EndGlobal
